// !$*UTF8*$!
{
	archiveVersion = 1;
	classes = {
	};
	objectVersion = 50;
	objects = {

/* Begin PBXBuildFile section */
		09008128222FB0C400C0667A /* HotCell.swift in Sources */ = {isa = PBXBuildFile; fileRef = 09008126222FB0C400C0667A /* HotCell.swift */; };
		09008129222FB0C400C0667A /* HotCell.xib in Resources */ = {isa = PBXBuildFile; fileRef = 09008127222FB0C400C0667A /* HotCell.xib */; };
		0900812B2230E6DE00C0667A /* ShopViewModel.swift in Sources */ = {isa = PBXBuildFile; fileRef = 0900812A2230E6DE00C0667A /* ShopViewModel.swift */; };
		0900812D2230E73700C0667A /* BannerInfo.swift in Sources */ = {isa = PBXBuildFile; fileRef = 0900812C2230E73700C0667A /* BannerInfo.swift */; };
		0900812F2230E76700C0667A /* BaseModel.swift in Sources */ = {isa = PBXBuildFile; fileRef = 0900812E2230E76700C0667A /* BaseModel.swift */; };
		090081312230E7FA00C0667A /* ChannelInfo.swift in Sources */ = {isa = PBXBuildFile; fileRef = 090081302230E7FA00C0667A /* ChannelInfo.swift */; };
		090081332230E84500C0667A /* RecommendInfo.swift in Sources */ = {isa = PBXBuildFile; fileRef = 090081322230E84500C0667A /* RecommendInfo.swift */; };
		090081352230E9C000C0667A /* HotInfo.swift in Sources */ = {isa = PBXBuildFile; fileRef = 090081342230E9C000C0667A /* HotInfo.swift */; };
		090081372230EA6F00C0667A /* HomeData.swift in Sources */ = {isa = PBXBuildFile; fileRef = 090081362230EA6F00C0667A /* HomeData.swift */; };
		090900D1222CC07B003D2F3D /* CategoryCell.swift in Sources */ = {isa = PBXBuildFile; fileRef = 090900CF222CC07B003D2F3D /* CategoryCell.swift */; };
		090900D2222CC07B003D2F3D /* CategoryCell.xib in Resources */ = {isa = PBXBuildFile; fileRef = 090900D0222CC07B003D2F3D /* CategoryCell.xib */; };
		090900D4222CC86A003D2F3D /* HorizontallyPageableFlowLayout.swift in Sources */ = {isa = PBXBuildFile; fileRef = 090900D3222CC86A003D2F3D /* HorizontallyPageableFlowLayout.swift */; };
		090900D8222E5ACF003D2F3D /* RecommendCell.swift in Sources */ = {isa = PBXBuildFile; fileRef = 090900D6222E5ACF003D2F3D /* RecommendCell.swift */; };
		090900D9222E5ACF003D2F3D /* RecommendCell.xib in Resources */ = {isa = PBXBuildFile; fileRef = 090900D7222E5ACF003D2F3D /* RecommendCell.xib */; };
		0952A7B5223235C30061BBFA /* SearchViewController.swift in Sources */ = {isa = PBXBuildFile; fileRef = 0952A7B4223235C30061BBFA /* SearchViewController.swift */; };
		0984BDD522000D1900D80F23 /* AppDelegate.swift in Sources */ = {isa = PBXBuildFile; fileRef = 0984BDD422000D1900D80F23 /* AppDelegate.swift */; };
		0984BDDA22000D1900D80F23 /* Main.storyboard in Resources */ = {isa = PBXBuildFile; fileRef = 0984BDD822000D1900D80F23 /* Main.storyboard */; };
		0984BDDD22000D1900D80F23 /* NextAiwujin.xcdatamodeld in Sources */ = {isa = PBXBuildFile; fileRef = 0984BDDB22000D1900D80F23 /* NextAiwujin.xcdatamodeld */; };
		0984BDDF22000D1A00D80F23 /* Assets.xcassets in Resources */ = {isa = PBXBuildFile; fileRef = 0984BDDE22000D1A00D80F23 /* Assets.xcassets */; };
		0984BDE222000D1A00D80F23 /* LaunchScreen.storyboard in Resources */ = {isa = PBXBuildFile; fileRef = 0984BDE022000D1A00D80F23 /* LaunchScreen.storyboard */; };
		0984BDED22000D1A00D80F23 /* NextAiwujinTests.swift in Sources */ = {isa = PBXBuildFile; fileRef = 0984BDEC22000D1A00D80F23 /* NextAiwujinTests.swift */; };
		0984BDF822000D1A00D80F23 /* NextAiwujinUITests.swift in Sources */ = {isa = PBXBuildFile; fileRef = 0984BDF722000D1A00D80F23 /* NextAiwujinUITests.swift */; };
		09A4C5892201841D002740C3 /* MainViewController.swift in Sources */ = {isa = PBXBuildFile; fileRef = 09A4C5882201841D002740C3 /* MainViewController.swift */; };
		09D543B92201909600307713 /* RadioStation.storyboard in Resources */ = {isa = PBXBuildFile; fileRef = 09D543AF2201909500307713 /* RadioStation.storyboard */; };
		09D543BA2201909600307713 /* Forum.storyboard in Resources */ = {isa = PBXBuildFile; fileRef = 09D543B12201909600307713 /* Forum.storyboard */; };
		09D543BB2201909600307713 /* News.storyboard in Resources */ = {isa = PBXBuildFile; fileRef = 09D543B32201909600307713 /* News.storyboard */; };
		09D543BC2201909600307713 /* PicSay.storyboard in Resources */ = {isa = PBXBuildFile; fileRef = 09D543B52201909600307713 /* PicSay.storyboard */; };
		09D543BD2201909600307713 /* MyCenter.storyboard in Resources */ = {isa = PBXBuildFile; fileRef = 09D543B72201909600307713 /* MyCenter.storyboard */; };
		09D543BF2201D8DA00307713 /* BaseViewController.swift in Sources */ = {isa = PBXBuildFile; fileRef = 09D543BE2201D8DA00307713 /* BaseViewController.swift */; };
		09D543C12201DB5900307713 /* MyNavigationController.swift in Sources */ = {isa = PBXBuildFile; fileRef = 09D543C02201DB5900307713 /* MyNavigationController.swift */; };
		09D543C32203D89700307713 /* NewsViewController.swift in Sources */ = {isa = PBXBuildFile; fileRef = 09D543C22203D89700307713 /* NewsViewController.swift */; };
		09D543C52203D8B200307713 /* PicSayViewController.swift in Sources */ = {isa = PBXBuildFile; fileRef = 09D543C42203D8B200307713 /* PicSayViewController.swift */; };
		09D543C72203D8C100307713 /* ForumViewController.swift in Sources */ = {isa = PBXBuildFile; fileRef = 09D543C62203D8C100307713 /* ForumViewController.swift */; };
		09D543C92203D8D700307713 /* RadioStationViewController.swift in Sources */ = {isa = PBXBuildFile; fileRef = 09D543C82203D8D700307713 /* RadioStationViewController.swift */; };
		09D543CB2203D8E400307713 /* MyCenterViewController.swift in Sources */ = {isa = PBXBuildFile; fileRef = 09D543CA2203D8E400307713 /* MyCenterViewController.swift */; };
		09D543CE2203E5B600307713 /* Commons.swift in Sources */ = {isa = PBXBuildFile; fileRef = 09D543CD2203E5B600307713 /* Commons.swift */; };
		09D543D02203E67400307713 /* YTools.swift in Sources */ = {isa = PBXBuildFile; fileRef = 09D543CF2203E67400307713 /* YTools.swift */; };
		09D543D32203E6B800307713 /* UIDevice-extension.swift in Sources */ = {isa = PBXBuildFile; fileRef = 09D543D22203E6B800307713 /* UIDevice-extension.swift */; };
		09D543D52203E93400307713 /* NetworkTool.swift in Sources */ = {isa = PBXBuildFile; fileRef = 09D543D42203E93400307713 /* NetworkTool.swift */; };
		09D543D72204301700307713 /* UIBarButtonItem-extension.swift in Sources */ = {isa = PBXBuildFile; fileRef = 09D543D62204301700307713 /* UIBarButtonItem-extension.swift */; };
		09D543F322116E2D00307713 /* ZZWWaveView.swift in Sources */ = {isa = PBXBuildFile; fileRef = 09D543F222116E2D00307713 /* ZZWWaveView.swift */; };
		09D544352213AE9A00307713 /* ChildViewController.swift in Sources */ = {isa = PBXBuildFile; fileRef = 09D544342213AE9A00307713 /* ChildViewController.swift */; };
		09D544372213AF6800307713 /* TodayRecommendViewController.swift in Sources */ = {isa = PBXBuildFile; fileRef = 09D544362213AF6800307713 /* TodayRecommendViewController.swift */; };
		09D544392213F4B100307713 /* NewsCustomLayout.swift in Sources */ = {isa = PBXBuildFile; fileRef = 09D544382213F4B100307713 /* NewsCustomLayout.swift */; };
		09D5443C2214015A00307713 /* BigPicCell.swift in Sources */ = {isa = PBXBuildFile; fileRef = 09D5443A2214015A00307713 /* BigPicCell.swift */; };
		09D5443D2214015A00307713 /* BigPicCell.xib in Resources */ = {isa = PBXBuildFile; fileRef = 09D5443B2214015A00307713 /* BigPicCell.xib */; };
		09D544402214017900307713 /* SmallPicCell.swift in Sources */ = {isa = PBXBuildFile; fileRef = 09D5443E2214017900307713 /* SmallPicCell.swift */; };
		09D544412214017900307713 /* SmallPicCell.xib in Resources */ = {isa = PBXBuildFile; fileRef = 09D5443F2214017900307713 /* SmallPicCell.xib */; };
		09D544442214018C00307713 /* ThreePicsCell.swift in Sources */ = {isa = PBXBuildFile; fileRef = 09D544422214018C00307713 /* ThreePicsCell.swift */; };
		09D5444B221655AE00307713 /* ThreePicsCell.xib in Resources */ = {isa = PBXBuildFile; fileRef = 09D54449221655AE00307713 /* ThreePicsCell.xib */; };
		09D54454221A649400307713 /* ExampleBackgroundContentView.swift in Sources */ = {isa = PBXBuildFile; fileRef = 09D5444D221A649400307713 /* ExampleBackgroundContentView.swift */; };
		09D54455221A649400307713 /* ExampleBouncesContentView.swift in Sources */ = {isa = PBXBuildFile; fileRef = 09D5444E221A649400307713 /* ExampleBouncesContentView.swift */; };
		09D54456221A649400307713 /* ExampleAnimateTipsContentView.swift in Sources */ = {isa = PBXBuildFile; fileRef = 09D5444F221A649400307713 /* ExampleAnimateTipsContentView.swift */; };
		09D54457221A649400307713 /* ExampleBasicContentView.swift in Sources */ = {isa = PBXBuildFile; fileRef = 09D54450221A649400307713 /* ExampleBasicContentView.swift */; };
		09D54458221A649400307713 /* ExampleHighlightableContentView.swift in Sources */ = {isa = PBXBuildFile; fileRef = 09D54451221A649400307713 /* ExampleHighlightableContentView.swift */; };
		09D54459221A649400307713 /* ExampleTipsContentView.swift in Sources */ = {isa = PBXBuildFile; fileRef = 09D54452221A649400307713 /* ExampleTipsContentView.swift */; };
		09D5445A221A649400307713 /* ExampleIrregularityContentView.swift in Sources */ = {isa = PBXBuildFile; fileRef = 09D54453221A649400307713 /* ExampleIrregularityContentView.swift */; };
		367025FDA53C3D2A86673174 /* Pods_NextAiwujinTests.framework in Frameworks */ = {isa = PBXBuildFile; fileRef = 40CCCF09ECDCFFA26EFA5711 /* Pods_NextAiwujinTests.framework */; };
		99FEEEBCD1A1247394077B12 /* Pods_NextAiwujin.framework in Frameworks */ = {isa = PBXBuildFile; fileRef = B33AD14EB88232EDE19A1E07 /* Pods_NextAiwujin.framework */; };
		C507D1C694EAF817843A979A /* Pods_NextAiwujinUITests.framework in Frameworks */ = {isa = PBXBuildFile; fileRef = E96219EA5A5D08D3AC1E6AD1 /* Pods_NextAiwujinUITests.framework */; };
/* End PBXBuildFile section */

/* Begin PBXContainerItemProxy section */
		0984BDE922000D1A00D80F23 /* PBXContainerItemProxy */ = {
			isa = PBXContainerItemProxy;
			containerPortal = 0984BDC922000D1900D80F23 /* Project object */;
			proxyType = 1;
			remoteGlobalIDString = 0984BDD022000D1900D80F23;
			remoteInfo = NextAiwujin;
		};
		0984BDF422000D1A00D80F23 /* PBXContainerItemProxy */ = {
			isa = PBXContainerItemProxy;
			containerPortal = 0984BDC922000D1900D80F23 /* Project object */;
			proxyType = 1;
			remoteGlobalIDString = 0984BDD022000D1900D80F23;
			remoteInfo = NextAiwujin;
		};
/* End PBXContainerItemProxy section */

/* Begin PBXFileReference section */
		09008126222FB0C400C0667A /* HotCell.swift */ = {isa = PBXFileReference; lastKnownFileType = sourcecode.swift; path = HotCell.swift; sourceTree = "<group>"; };
		09008127222FB0C400C0667A /* HotCell.xib */ = {isa = PBXFileReference; lastKnownFileType = file.xib; path = HotCell.xib; sourceTree = "<group>"; };
		0900812A2230E6DE00C0667A /* ShopViewModel.swift */ = {isa = PBXFileReference; lastKnownFileType = sourcecode.swift; path = ShopViewModel.swift; sourceTree = "<group>"; };
		0900812C2230E73700C0667A /* BannerInfo.swift */ = {isa = PBXFileReference; lastKnownFileType = sourcecode.swift; path = BannerInfo.swift; sourceTree = "<group>"; };
		0900812E2230E76700C0667A /* BaseModel.swift */ = {isa = PBXFileReference; lastKnownFileType = sourcecode.swift; path = BaseModel.swift; sourceTree = "<group>"; };
		090081302230E7FA00C0667A /* ChannelInfo.swift */ = {isa = PBXFileReference; lastKnownFileType = sourcecode.swift; path = ChannelInfo.swift; sourceTree = "<group>"; };
		090081322230E84500C0667A /* RecommendInfo.swift */ = {isa = PBXFileReference; lastKnownFileType = sourcecode.swift; path = RecommendInfo.swift; sourceTree = "<group>"; };
		090081342230E9C000C0667A /* HotInfo.swift */ = {isa = PBXFileReference; lastKnownFileType = sourcecode.swift; path = HotInfo.swift; sourceTree = "<group>"; };
		090081362230EA6F00C0667A /* HomeData.swift */ = {isa = PBXFileReference; lastKnownFileType = sourcecode.swift; path = HomeData.swift; sourceTree = "<group>"; };
		090900CF222CC07B003D2F3D /* CategoryCell.swift */ = {isa = PBXFileReference; lastKnownFileType = sourcecode.swift; path = CategoryCell.swift; sourceTree = "<group>"; };
		090900D0222CC07B003D2F3D /* CategoryCell.xib */ = {isa = PBXFileReference; lastKnownFileType = file.xib; path = CategoryCell.xib; sourceTree = "<group>"; };
		090900D3222CC86A003D2F3D /* HorizontallyPageableFlowLayout.swift */ = {isa = PBXFileReference; lastKnownFileType = sourcecode.swift; path = HorizontallyPageableFlowLayout.swift; sourceTree = "<group>"; };
		090900D6222E5ACF003D2F3D /* RecommendCell.swift */ = {isa = PBXFileReference; lastKnownFileType = sourcecode.swift; path = RecommendCell.swift; sourceTree = "<group>"; };
		090900D7222E5ACF003D2F3D /* RecommendCell.xib */ = {isa = PBXFileReference; lastKnownFileType = file.xib; path = RecommendCell.xib; sourceTree = "<group>"; };
		0952A7B4223235C30061BBFA /* SearchViewController.swift */ = {isa = PBXFileReference; lastKnownFileType = sourcecode.swift; path = SearchViewController.swift; sourceTree = "<group>"; };
		0984BDD122000D1900D80F23 /* NextAiwujin.app */ = {isa = PBXFileReference; explicitFileType = wrapper.application; includeInIndex = 0; path = NextAiwujin.app; sourceTree = BUILT_PRODUCTS_DIR; };
		0984BDD422000D1900D80F23 /* AppDelegate.swift */ = {isa = PBXFileReference; lastKnownFileType = sourcecode.swift; path = AppDelegate.swift; sourceTree = "<group>"; };
		0984BDD922000D1900D80F23 /* Base */ = {isa = PBXFileReference; lastKnownFileType = file.storyboard; name = Base; path = Base.lproj/Main.storyboard; sourceTree = "<group>"; };
		0984BDDC22000D1900D80F23 /* NextAiwujin.xcdatamodel */ = {isa = PBXFileReference; lastKnownFileType = wrapper.xcdatamodel; path = NextAiwujin.xcdatamodel; sourceTree = "<group>"; };
		0984BDDE22000D1A00D80F23 /* Assets.xcassets */ = {isa = PBXFileReference; lastKnownFileType = folder.assetcatalog; path = Assets.xcassets; sourceTree = "<group>"; };
		0984BDE122000D1A00D80F23 /* Base */ = {isa = PBXFileReference; lastKnownFileType = file.storyboard; name = Base; path = Base.lproj/LaunchScreen.storyboard; sourceTree = "<group>"; };
		0984BDE322000D1A00D80F23 /* Info.plist */ = {isa = PBXFileReference; lastKnownFileType = text.plist.xml; path = Info.plist; sourceTree = "<group>"; };
		0984BDE822000D1A00D80F23 /* NextAiwujinTests.xctest */ = {isa = PBXFileReference; explicitFileType = wrapper.cfbundle; includeInIndex = 0; path = NextAiwujinTests.xctest; sourceTree = BUILT_PRODUCTS_DIR; };
		0984BDEC22000D1A00D80F23 /* NextAiwujinTests.swift */ = {isa = PBXFileReference; lastKnownFileType = sourcecode.swift; path = NextAiwujinTests.swift; sourceTree = "<group>"; };
		0984BDEE22000D1A00D80F23 /* Info.plist */ = {isa = PBXFileReference; lastKnownFileType = text.plist.xml; path = Info.plist; sourceTree = "<group>"; };
		0984BDF322000D1A00D80F23 /* NextAiwujinUITests.xctest */ = {isa = PBXFileReference; explicitFileType = wrapper.cfbundle; includeInIndex = 0; path = NextAiwujinUITests.xctest; sourceTree = BUILT_PRODUCTS_DIR; };
		0984BDF722000D1A00D80F23 /* NextAiwujinUITests.swift */ = {isa = PBXFileReference; lastKnownFileType = sourcecode.swift; path = NextAiwujinUITests.swift; sourceTree = "<group>"; };
		0984BDF922000D1A00D80F23 /* Info.plist */ = {isa = PBXFileReference; lastKnownFileType = text.plist.xml; path = Info.plist; sourceTree = "<group>"; };
		09A4C5882201841D002740C3 /* MainViewController.swift */ = {isa = PBXFileReference; lastKnownFileType = sourcecode.swift; path = MainViewController.swift; sourceTree = "<group>"; };
		09D543B02201909500307713 /* Base */ = {isa = PBXFileReference; lastKnownFileType = file.storyboard; name = Base; path = Base.lproj/RadioStation.storyboard; sourceTree = "<group>"; };
		09D543B22201909600307713 /* Base */ = {isa = PBXFileReference; lastKnownFileType = file.storyboard; name = Base; path = Base.lproj/Forum.storyboard; sourceTree = "<group>"; };
		09D543B42201909600307713 /* Base */ = {isa = PBXFileReference; lastKnownFileType = file.storyboard; name = Base; path = Base.lproj/News.storyboard; sourceTree = "<group>"; };
		09D543B62201909600307713 /* Base */ = {isa = PBXFileReference; lastKnownFileType = file.storyboard; name = Base; path = Base.lproj/PicSay.storyboard; sourceTree = "<group>"; };
		09D543B82201909600307713 /* Base */ = {isa = PBXFileReference; lastKnownFileType = file.storyboard; name = Base; path = Base.lproj/MyCenter.storyboard; sourceTree = "<group>"; };
		09D543BE2201D8DA00307713 /* BaseViewController.swift */ = {isa = PBXFileReference; lastKnownFileType = sourcecode.swift; path = BaseViewController.swift; sourceTree = "<group>"; };
		09D543C02201DB5900307713 /* MyNavigationController.swift */ = {isa = PBXFileReference; lastKnownFileType = sourcecode.swift; path = MyNavigationController.swift; sourceTree = "<group>"; };
		09D543C22203D89700307713 /* NewsViewController.swift */ = {isa = PBXFileReference; lastKnownFileType = sourcecode.swift; path = NewsViewController.swift; sourceTree = "<group>"; };
		09D543C42203D8B200307713 /* PicSayViewController.swift */ = {isa = PBXFileReference; lastKnownFileType = sourcecode.swift; path = PicSayViewController.swift; sourceTree = "<group>"; };
		09D543C62203D8C100307713 /* ForumViewController.swift */ = {isa = PBXFileReference; lastKnownFileType = sourcecode.swift; path = ForumViewController.swift; sourceTree = "<group>"; };
		09D543C82203D8D700307713 /* RadioStationViewController.swift */ = {isa = PBXFileReference; lastKnownFileType = sourcecode.swift; path = RadioStationViewController.swift; sourceTree = "<group>"; };
		09D543CA2203D8E400307713 /* MyCenterViewController.swift */ = {isa = PBXFileReference; lastKnownFileType = sourcecode.swift; path = MyCenterViewController.swift; sourceTree = "<group>"; };
		09D543CD2203E5B600307713 /* Commons.swift */ = {isa = PBXFileReference; lastKnownFileType = sourcecode.swift; path = Commons.swift; sourceTree = "<group>"; };
		09D543CF2203E67400307713 /* YTools.swift */ = {isa = PBXFileReference; lastKnownFileType = sourcecode.swift; path = YTools.swift; sourceTree = "<group>"; };
		09D543D22203E6B800307713 /* UIDevice-extension.swift */ = {isa = PBXFileReference; lastKnownFileType = sourcecode.swift; path = "UIDevice-extension.swift"; sourceTree = "<group>"; };
		09D543D42203E93400307713 /* NetworkTool.swift */ = {isa = PBXFileReference; lastKnownFileType = sourcecode.swift; path = NetworkTool.swift; sourceTree = "<group>"; };
		09D543D62204301700307713 /* UIBarButtonItem-extension.swift */ = {isa = PBXFileReference; lastKnownFileType = sourcecode.swift; path = "UIBarButtonItem-extension.swift"; sourceTree = "<group>"; };
		09D543F222116E2D00307713 /* ZZWWaveView.swift */ = {isa = PBXFileReference; lastKnownFileType = sourcecode.swift; path = ZZWWaveView.swift; sourceTree = "<group>"; };
		09D544342213AE9A00307713 /* ChildViewController.swift */ = {isa = PBXFileReference; lastKnownFileType = sourcecode.swift; path = ChildViewController.swift; sourceTree = "<group>"; };
		09D544362213AF6800307713 /* TodayRecommendViewController.swift */ = {isa = PBXFileReference; lastKnownFileType = sourcecode.swift; path = TodayRecommendViewController.swift; sourceTree = "<group>"; };
		09D544382213F4B100307713 /* NewsCustomLayout.swift */ = {isa = PBXFileReference; lastKnownFileType = sourcecode.swift; path = NewsCustomLayout.swift; sourceTree = "<group>"; };
		09D5443A2214015A00307713 /* BigPicCell.swift */ = {isa = PBXFileReference; lastKnownFileType = sourcecode.swift; path = BigPicCell.swift; sourceTree = "<group>"; };
		09D5443B2214015A00307713 /* BigPicCell.xib */ = {isa = PBXFileReference; lastKnownFileType = file.xib; path = BigPicCell.xib; sourceTree = "<group>"; };
		09D5443E2214017900307713 /* SmallPicCell.swift */ = {isa = PBXFileReference; lastKnownFileType = sourcecode.swift; path = SmallPicCell.swift; sourceTree = "<group>"; };
		09D5443F2214017900307713 /* SmallPicCell.xib */ = {isa = PBXFileReference; lastKnownFileType = file.xib; path = SmallPicCell.xib; sourceTree = "<group>"; };
		09D544422214018C00307713 /* ThreePicsCell.swift */ = {isa = PBXFileReference; lastKnownFileType = sourcecode.swift; path = ThreePicsCell.swift; sourceTree = "<group>"; };
		09D54449221655AE00307713 /* ThreePicsCell.xib */ = {isa = PBXFileReference; lastKnownFileType = file.xib; path = ThreePicsCell.xib; sourceTree = "<group>"; };
		09D5444D221A649400307713 /* ExampleBackgroundContentView.swift */ = {isa = PBXFileReference; fileEncoding = 4; lastKnownFileType = sourcecode.swift; path = ExampleBackgroundContentView.swift; sourceTree = "<group>"; };
		09D5444E221A649400307713 /* ExampleBouncesContentView.swift */ = {isa = PBXFileReference; fileEncoding = 4; lastKnownFileType = sourcecode.swift; path = ExampleBouncesContentView.swift; sourceTree = "<group>"; };
		09D5444F221A649400307713 /* ExampleAnimateTipsContentView.swift */ = {isa = PBXFileReference; fileEncoding = 4; lastKnownFileType = sourcecode.swift; path = ExampleAnimateTipsContentView.swift; sourceTree = "<group>"; };
		09D54450221A649400307713 /* ExampleBasicContentView.swift */ = {isa = PBXFileReference; fileEncoding = 4; lastKnownFileType = sourcecode.swift; path = ExampleBasicContentView.swift; sourceTree = "<group>"; };
		09D54451221A649400307713 /* ExampleHighlightableContentView.swift */ = {isa = PBXFileReference; fileEncoding = 4; lastKnownFileType = sourcecode.swift; path = ExampleHighlightableContentView.swift; sourceTree = "<group>"; };
		09D54452221A649400307713 /* ExampleTipsContentView.swift */ = {isa = PBXFileReference; fileEncoding = 4; lastKnownFileType = sourcecode.swift; path = ExampleTipsContentView.swift; sourceTree = "<group>"; };
		09D54453221A649400307713 /* ExampleIrregularityContentView.swift */ = {isa = PBXFileReference; fileEncoding = 4; lastKnownFileType = sourcecode.swift; path = ExampleIrregularityContentView.swift; sourceTree = "<group>"; };
		0C2843EBB4270A91F1D33ED6 /* Pods-NextAiwujinTests.release.xcconfig */ = {isa = PBXFileReference; includeInIndex = 1; lastKnownFileType = text.xcconfig; name = "Pods-NextAiwujinTests.release.xcconfig"; path = "Pods/Target Support Files/Pods-NextAiwujinTests/Pods-NextAiwujinTests.release.xcconfig"; sourceTree = "<group>"; };
		3A9F8D01B6DD2D4379260CEB /* Pods-NextAiwujin.debug.xcconfig */ = {isa = PBXFileReference; includeInIndex = 1; lastKnownFileType = text.xcconfig; name = "Pods-NextAiwujin.debug.xcconfig"; path = "Pods/Target Support Files/Pods-NextAiwujin/Pods-NextAiwujin.debug.xcconfig"; sourceTree = "<group>"; };
		40CCCF09ECDCFFA26EFA5711 /* Pods_NextAiwujinTests.framework */ = {isa = PBXFileReference; explicitFileType = wrapper.framework; includeInIndex = 0; path = Pods_NextAiwujinTests.framework; sourceTree = BUILT_PRODUCTS_DIR; };
		772AB9476F666304694BB9BB /* Pods-NextAiwujin.release.xcconfig */ = {isa = PBXFileReference; includeInIndex = 1; lastKnownFileType = text.xcconfig; name = "Pods-NextAiwujin.release.xcconfig"; path = "Pods/Target Support Files/Pods-NextAiwujin/Pods-NextAiwujin.release.xcconfig"; sourceTree = "<group>"; };
		B33AD14EB88232EDE19A1E07 /* Pods_NextAiwujin.framework */ = {isa = PBXFileReference; explicitFileType = wrapper.framework; includeInIndex = 0; path = Pods_NextAiwujin.framework; sourceTree = BUILT_PRODUCTS_DIR; };
		BA49819409403167431C2E15 /* Pods-NextAiwujinTests.debug.xcconfig */ = {isa = PBXFileReference; includeInIndex = 1; lastKnownFileType = text.xcconfig; name = "Pods-NextAiwujinTests.debug.xcconfig"; path = "Pods/Target Support Files/Pods-NextAiwujinTests/Pods-NextAiwujinTests.debug.xcconfig"; sourceTree = "<group>"; };
		C12B2B93EEE2F50F9486D52E /* Pods-NextAiwujinUITests.debug.xcconfig */ = {isa = PBXFileReference; includeInIndex = 1; lastKnownFileType = text.xcconfig; name = "Pods-NextAiwujinUITests.debug.xcconfig"; path = "Pods/Target Support Files/Pods-NextAiwujinUITests/Pods-NextAiwujinUITests.debug.xcconfig"; sourceTree = "<group>"; };
		E96219EA5A5D08D3AC1E6AD1 /* Pods_NextAiwujinUITests.framework */ = {isa = PBXFileReference; explicitFileType = wrapper.framework; includeInIndex = 0; path = Pods_NextAiwujinUITests.framework; sourceTree = BUILT_PRODUCTS_DIR; };
		FE0D32224553EC436B171C78 /* Pods-NextAiwujinUITests.release.xcconfig */ = {isa = PBXFileReference; includeInIndex = 1; lastKnownFileType = text.xcconfig; name = "Pods-NextAiwujinUITests.release.xcconfig"; path = "Pods/Target Support Files/Pods-NextAiwujinUITests/Pods-NextAiwujinUITests.release.xcconfig"; sourceTree = "<group>"; };
/* End PBXFileReference section */

/* Begin PBXFrameworksBuildPhase section */
		0984BDCE22000D1900D80F23 /* Frameworks */ = {
			isa = PBXFrameworksBuildPhase;
			buildActionMask = 2147483647;
			files = (
				99FEEEBCD1A1247394077B12 /* Pods_NextAiwujin.framework in Frameworks */,
			);
			runOnlyForDeploymentPostprocessing = 0;
		};
		0984BDE522000D1A00D80F23 /* Frameworks */ = {
			isa = PBXFrameworksBuildPhase;
			buildActionMask = 2147483647;
			files = (
				367025FDA53C3D2A86673174 /* Pods_NextAiwujinTests.framework in Frameworks */,
			);
			runOnlyForDeploymentPostprocessing = 0;
		};
		0984BDF022000D1A00D80F23 /* Frameworks */ = {
			isa = PBXFrameworksBuildPhase;
			buildActionMask = 2147483647;
			files = (
				C507D1C694EAF817843A979A /* Pods_NextAiwujinUITests.framework in Frameworks */,
			);
			runOnlyForDeploymentPostprocessing = 0;
		};
/* End PBXFrameworksBuildPhase section */

/* Begin PBXGroup section */
		0952A7B3223235770061BBFA /* secondPage */ = {
			isa = PBXGroup;
			children = (
				0952A7B4223235C30061BBFA /* SearchViewController.swift */,
			);
			path = secondPage;
			sourceTree = "<group>";
		};
		0984BDC822000D1900D80F23 = {
			isa = PBXGroup;
			children = (
				0984BDD322000D1900D80F23 /* NextAiwujin */,
				0984BDEB22000D1A00D80F23 /* NextAiwujinTests */,
				0984BDF622000D1A00D80F23 /* NextAiwujinUITests */,
				0984BDD222000D1900D80F23 /* Products */,
				E1BE1747C2E31FAE6617CE20 /* Pods */,
				4885EAAA6C15F6FCE1DCF4FA /* Frameworks */,
			);
			sourceTree = "<group>";
		};
		0984BDD222000D1900D80F23 /* Products */ = {
			isa = PBXGroup;
			children = (
				0984BDD122000D1900D80F23 /* NextAiwujin.app */,
				0984BDE822000D1A00D80F23 /* NextAiwujinTests.xctest */,
				0984BDF322000D1A00D80F23 /* NextAiwujinUITests.xctest */,
			);
			name = Products;
			sourceTree = "<group>";
		};
		0984BDD322000D1900D80F23 /* NextAiwujin */ = {
			isa = PBXGroup;
			children = (
				0984BE0B220172B900D80F23 /* Classes */,
				0984BDD422000D1900D80F23 /* AppDelegate.swift */,
				0984BDDE22000D1A00D80F23 /* Assets.xcassets */,
				0984BDE022000D1A00D80F23 /* LaunchScreen.storyboard */,
				0984BDE322000D1A00D80F23 /* Info.plist */,
				0984BDDB22000D1900D80F23 /* NextAiwujin.xcdatamodeld */,
			);
			path = NextAiwujin;
			sourceTree = "<group>";
		};
		0984BDEB22000D1A00D80F23 /* NextAiwujinTests */ = {
			isa = PBXGroup;
			children = (
				0984BDEC22000D1A00D80F23 /* NextAiwujinTests.swift */,
				0984BDEE22000D1A00D80F23 /* Info.plist */,
			);
			path = NextAiwujinTests;
			sourceTree = "<group>";
		};
		0984BDF622000D1A00D80F23 /* NextAiwujinUITests */ = {
			isa = PBXGroup;
			children = (
				0984BDF722000D1A00D80F23 /* NextAiwujinUITests.swift */,
				0984BDF922000D1A00D80F23 /* Info.plist */,
			);
			path = NextAiwujinUITests;
			sourceTree = "<group>";
		};
		0984BE05220169C900D80F23 /* Main */ = {
			isa = PBXGroup;
			children = (
				09D543D8221142DC00307713 /* Model */,
				09D543D9221142E800307713 /* View */,
				09D543DB2211432400307713 /* ViewModel */,
				09D543DA2211431300307713 /* Controller */,
			);
			path = Main;
			sourceTree = "<group>";
		};
		0984BE06220169EE00D80F23 /* News */ = {
			isa = PBXGroup;
			children = (
				09D543DF2211437B00307713 /* Model */,
				09D543DE2211436E00307713 /* View */,
				09D543DD2211436500307713 /* ViewModel */,
				09D543DC2211435B00307713 /* Controller */,
			);
			path = News;
			sourceTree = "<group>";
		};
		0984BE0722016A0B00D80F23 /* PicSay */ = {
			isa = PBXGroup;
			children = (
				09D543E32211468200307713 /* Model */,
				09D543E22211467B00307713 /* View */,
				09D543E12211467200307713 /* ViewModel */,
				09D543E02211466300307713 /* Controller */,
			);
			path = PicSay;
			sourceTree = "<group>";
		};
		0984BE0822016A3000D80F23 /* Forum */ = {
			isa = PBXGroup;
			children = (
				09D543E7221146B100307713 /* Model */,
				09D543E6221146A800307713 /* View */,
				09D543E52211469500307713 /* ViewModel */,
				09D543E42211468C00307713 /* Controller */,
			);
			path = Forum;
			sourceTree = "<group>";
		};
		0984BE0922016A6C00D80F23 /* RadioStation */ = {
			isa = PBXGroup;
			children = (
				09D543EB221146C900307713 /* Model */,
				09D543EA221146C400307713 /* View */,
				09D543E9221146BE00307713 /* ViewModel */,
				09D543E8221146B600307713 /* Controller */,
			);
			path = RadioStation;
			sourceTree = "<group>";
		};
		0984BE0A22016ABC00D80F23 /* MyCenter */ = {
			isa = PBXGroup;
			children = (
				09D543EF221146EB00307713 /* Model */,
				09D543EE221146E400307713 /* View */,
				09D543ED221146D800307713 /* ViewModel */,
				09D543EC221146CE00307713 /* Controller */,
			);
			path = MyCenter;
			sourceTree = "<group>";
		};
		0984BE0B220172B900D80F23 /* Classes */ = {
			isa = PBXGroup;
			children = (
				09D543CC2203E58800307713 /* Tools */,
				0984BE05220169C900D80F23 /* Main */,
				0984BE0722016A0B00D80F23 /* PicSay */,
				0984BE06220169EE00D80F23 /* News */,
				0984BE0822016A3000D80F23 /* Forum */,
				0984BE0922016A6C00D80F23 /* RadioStation */,
				0984BE0A22016ABC00D80F23 /* MyCenter */,
			);
			path = Classes;
			sourceTree = "<group>";
		};
		09D543CC2203E58800307713 /* Tools */ = {
			isa = PBXGroup;
			children = (
				09D543D12203E69C00307713 /* Extensions */,
				09D543CD2203E5B600307713 /* Commons.swift */,
				09D543CF2203E67400307713 /* YTools.swift */,
				09D543D42203E93400307713 /* NetworkTool.swift */,
			);
			path = Tools;
			sourceTree = "<group>";
		};
		09D543D12203E69C00307713 /* Extensions */ = {
			isa = PBXGroup;
			children = (
				09D543D22203E6B800307713 /* UIDevice-extension.swift */,
				09D543D62204301700307713 /* UIBarButtonItem-extension.swift */,
				090900D3222CC86A003D2F3D /* HorizontallyPageableFlowLayout.swift */,
			);
			path = Extensions;
			sourceTree = "<group>";
		};
		09D543D8221142DC00307713 /* Model */ = {
			isa = PBXGroup;
			children = (
				0900812E2230E76700C0667A /* BaseModel.swift */,
			);
			path = Model;
			sourceTree = "<group>";
		};
		09D543D9221142E800307713 /* View */ = {
			isa = PBXGroup;
			children = (
				09D5444C221A649400307713 /* ESTabBarChildController */,
				09D543F222116E2D00307713 /* ZZWWaveView.swift */,
			);
			path = View;
			sourceTree = "<group>";
		};
		09D543DA2211431300307713 /* Controller */ = {
			isa = PBXGroup;
			children = (
				09D543C02201DB5900307713 /* MyNavigationController.swift */,
				09D543BE2201D8DA00307713 /* BaseViewController.swift */,
				0984BDD822000D1900D80F23 /* Main.storyboard */,
				09A4C5882201841D002740C3 /* MainViewController.swift */,
			);
			path = Controller;
			sourceTree = "<group>";
		};
		09D543DB2211432400307713 /* ViewModel */ = {
			isa = PBXGroup;
			children = (
			);
			path = ViewModel;
			sourceTree = "<group>";
		};
		09D543DC2211435B00307713 /* Controller */ = {
			isa = PBXGroup;
			children = (
				09D544332213AE6A00307713 /* ChildVCs */,
				09D543B32201909600307713 /* News.storyboard */,
				09D543C22203D89700307713 /* NewsViewController.swift */,
			);
			path = Controller;
			sourceTree = "<group>";
		};
		09D543DD2211436500307713 /* ViewModel */ = {
			isa = PBXGroup;
			children = (
			);
			path = ViewModel;
			sourceTree = "<group>";
		};
		09D543DE2211436E00307713 /* View */ = {
			isa = PBXGroup;
			children = (
				09D544382213F4B100307713 /* NewsCustomLayout.swift */,
				09D5443A2214015A00307713 /* BigPicCell.swift */,
				09D5443B2214015A00307713 /* BigPicCell.xib */,
				09D5443E2214017900307713 /* SmallPicCell.swift */,
				09D5443F2214017900307713 /* SmallPicCell.xib */,
				09D544422214018C00307713 /* ThreePicsCell.swift */,
				09D54449221655AE00307713 /* ThreePicsCell.xib */,
			);
			path = View;
			sourceTree = "<group>";
		};
		09D543DF2211437B00307713 /* Model */ = {
			isa = PBXGroup;
			children = (
			);
			path = Model;
			sourceTree = "<group>";
		};
		09D543E02211466300307713 /* Controller */ = {
			isa = PBXGroup;
			children = (
				09D543B52201909600307713 /* PicSay.storyboard */,
				09D543C42203D8B200307713 /* PicSayViewController.swift */,
			);
			path = Controller;
			sourceTree = "<group>";
		};
		09D543E12211467200307713 /* ViewModel */ = {
			isa = PBXGroup;
			children = (
			);
			path = ViewModel;
			sourceTree = "<group>";
		};
		09D543E22211467B00307713 /* View */ = {
			isa = PBXGroup;
			children = (
			);
			path = View;
			sourceTree = "<group>";
		};
		09D543E32211468200307713 /* Model */ = {
			isa = PBXGroup;
			children = (
			);
			path = Model;
			sourceTree = "<group>";
		};
		09D543E42211468C00307713 /* Controller */ = {
			isa = PBXGroup;
			children = (
				09D543B12201909600307713 /* Forum.storyboard */,
				09D543C62203D8C100307713 /* ForumViewController.swift */,
			);
			path = Controller;
			sourceTree = "<group>";
		};
		09D543E52211469500307713 /* ViewModel */ = {
			isa = PBXGroup;
			children = (
			);
			path = ViewModel;
			sourceTree = "<group>";
		};
		09D543E6221146A800307713 /* View */ = {
			isa = PBXGroup;
			children = (
			);
			path = View;
			sourceTree = "<group>";
		};
		09D543E7221146B100307713 /* Model */ = {
			isa = PBXGroup;
			children = (
			);
			path = Model;
			sourceTree = "<group>";
		};
		09D543E8221146B600307713 /* Controller */ = {
			isa = PBXGroup;
			children = (
				0952A7B3223235770061BBFA /* secondPage */,
				09D543AF2201909500307713 /* RadioStation.storyboard */,
				09D543C82203D8D700307713 /* RadioStationViewController.swift */,
			);
			path = Controller;
			sourceTree = "<group>";
		};
		09D543E9221146BE00307713 /* ViewModel */ = {
			isa = PBXGroup;
			children = (
				0900812A2230E6DE00C0667A /* ShopViewModel.swift */,
			);
			path = ViewModel;
			sourceTree = "<group>";
		};
		09D543EA221146C400307713 /* View */ = {
			isa = PBXGroup;
			children = (
				090900CF222CC07B003D2F3D /* CategoryCell.swift */,
				090900D0222CC07B003D2F3D /* CategoryCell.xib */,
				090900D6222E5ACF003D2F3D /* RecommendCell.swift */,
				090900D7222E5ACF003D2F3D /* RecommendCell.xib */,
				09008126222FB0C400C0667A /* HotCell.swift */,
				09008127222FB0C400C0667A /* HotCell.xib */,
			);
			path = View;
			sourceTree = "<group>";
		};
		09D543EB221146C900307713 /* Model */ = {
			isa = PBXGroup;
			children = (
				0900812C2230E73700C0667A /* BannerInfo.swift */,
				090081302230E7FA00C0667A /* ChannelInfo.swift */,
				090081322230E84500C0667A /* RecommendInfo.swift */,
				090081342230E9C000C0667A /* HotInfo.swift */,
				090081362230EA6F00C0667A /* HomeData.swift */,
			);
			path = Model;
			sourceTree = "<group>";
		};
		09D543EC221146CE00307713 /* Controller */ = {
			isa = PBXGroup;
			children = (
				09D543B72201909600307713 /* MyCenter.storyboard */,
				09D543CA2203D8E400307713 /* MyCenterViewController.swift */,
			);
			path = Controller;
			sourceTree = "<group>";
		};
		09D543ED221146D800307713 /* ViewModel */ = {
			isa = PBXGroup;
			children = (
			);
			path = ViewModel;
			sourceTree = "<group>";
		};
		09D543EE221146E400307713 /* View */ = {
			isa = PBXGroup;
			children = (
			);
			path = View;
			sourceTree = "<group>";
		};
		09D543EF221146EB00307713 /* Model */ = {
			isa = PBXGroup;
			children = (
			);
			path = Model;
			sourceTree = "<group>";
		};
		09D544332213AE6A00307713 /* ChildVCs */ = {
			isa = PBXGroup;
			children = (
				09D544342213AE9A00307713 /* ChildViewController.swift */,
				09D544362213AF6800307713 /* TodayRecommendViewController.swift */,
			);
			path = ChildVCs;
			sourceTree = "<group>";
		};
		09D5444C221A649400307713 /* ESTabBarChildController */ = {
			isa = PBXGroup;
			children = (
				09D5444D221A649400307713 /* ExampleBackgroundContentView.swift */,
				09D5444E221A649400307713 /* ExampleBouncesContentView.swift */,
				09D5444F221A649400307713 /* ExampleAnimateTipsContentView.swift */,
				09D54450221A649400307713 /* ExampleBasicContentView.swift */,
				09D54451221A649400307713 /* ExampleHighlightableContentView.swift */,
				09D54452221A649400307713 /* ExampleTipsContentView.swift */,
				09D54453221A649400307713 /* ExampleIrregularityContentView.swift */,
			);
			path = ESTabBarChildController;
			sourceTree = "<group>";
		};
		4885EAAA6C15F6FCE1DCF4FA /* Frameworks */ = {
			isa = PBXGroup;
			children = (
				B33AD14EB88232EDE19A1E07 /* Pods_NextAiwujin.framework */,
				40CCCF09ECDCFFA26EFA5711 /* Pods_NextAiwujinTests.framework */,
				E96219EA5A5D08D3AC1E6AD1 /* Pods_NextAiwujinUITests.framework */,
			);
			name = Frameworks;
			sourceTree = "<group>";
		};
		E1BE1747C2E31FAE6617CE20 /* Pods */ = {
			isa = PBXGroup;
			children = (
				3A9F8D01B6DD2D4379260CEB /* Pods-NextAiwujin.debug.xcconfig */,
				772AB9476F666304694BB9BB /* Pods-NextAiwujin.release.xcconfig */,
				BA49819409403167431C2E15 /* Pods-NextAiwujinTests.debug.xcconfig */,
				0C2843EBB4270A91F1D33ED6 /* Pods-NextAiwujinTests.release.xcconfig */,
				C12B2B93EEE2F50F9486D52E /* Pods-NextAiwujinUITests.debug.xcconfig */,
				FE0D32224553EC436B171C78 /* Pods-NextAiwujinUITests.release.xcconfig */,
			);
			name = Pods;
			sourceTree = "<group>";
		};
/* End PBXGroup section */

/* Begin PBXNativeTarget section */
		0984BDD022000D1900D80F23 /* NextAiwujin */ = {
			isa = PBXNativeTarget;
			buildConfigurationList = 0984BDFC22000D1A00D80F23 /* Build configuration list for PBXNativeTarget "NextAiwujin" */;
			buildPhases = (
				5666A3C63CAFF4421D0208C8 /* [CP] Check Pods Manifest.lock */,
				0984BDCD22000D1900D80F23 /* Sources */,
				0984BDCE22000D1900D80F23 /* Frameworks */,
				0984BDCF22000D1900D80F23 /* Resources */,
				A83ED7A09A347FE1D57547B8 /* [CP] Embed Pods Frameworks */,
			);
			buildRules = (
			);
			dependencies = (
			);
			name = NextAiwujin;
			productName = NextAiwujin;
			productReference = 0984BDD122000D1900D80F23 /* NextAiwujin.app */;
			productType = "com.apple.product-type.application";
		};
		0984BDE722000D1A00D80F23 /* NextAiwujinTests */ = {
			isa = PBXNativeTarget;
			buildConfigurationList = 0984BDFF22000D1A00D80F23 /* Build configuration list for PBXNativeTarget "NextAiwujinTests" */;
			buildPhases = (
				2D9B972120D7AA27DF71B375 /* [CP] Check Pods Manifest.lock */,
				0984BDE422000D1A00D80F23 /* Sources */,
				0984BDE522000D1A00D80F23 /* Frameworks */,
				0984BDE622000D1A00D80F23 /* Resources */,
			);
			buildRules = (
			);
			dependencies = (
				0984BDEA22000D1A00D80F23 /* PBXTargetDependency */,
			);
			name = NextAiwujinTests;
			productName = NextAiwujinTests;
			productReference = 0984BDE822000D1A00D80F23 /* NextAiwujinTests.xctest */;
			productType = "com.apple.product-type.bundle.unit-test";
		};
		0984BDF222000D1A00D80F23 /* NextAiwujinUITests */ = {
			isa = PBXNativeTarget;
			buildConfigurationList = 0984BE0222000D1A00D80F23 /* Build configuration list for PBXNativeTarget "NextAiwujinUITests" */;
			buildPhases = (
				4B1CA9ED4C1023807E56A2A2 /* [CP] Check Pods Manifest.lock */,
				0984BDEF22000D1A00D80F23 /* Sources */,
				0984BDF022000D1A00D80F23 /* Frameworks */,
				0984BDF122000D1A00D80F23 /* Resources */,
			);
			buildRules = (
			);
			dependencies = (
				0984BDF522000D1A00D80F23 /* PBXTargetDependency */,
			);
			name = NextAiwujinUITests;
			productName = NextAiwujinUITests;
			productReference = 0984BDF322000D1A00D80F23 /* NextAiwujinUITests.xctest */;
			productType = "com.apple.product-type.bundle.ui-testing";
		};
/* End PBXNativeTarget section */

/* Begin PBXProject section */
		0984BDC922000D1900D80F23 /* Project object */ = {
			isa = PBXProject;
			attributes = {
				LastSwiftUpdateCheck = 1010;
				LastUpgradeCheck = 1010;
				ORGANIZATIONNAME = DEV2018;
				TargetAttributes = {
					0984BDD022000D1900D80F23 = {
						CreatedOnToolsVersion = 10.1;
					};
					0984BDE722000D1A00D80F23 = {
						CreatedOnToolsVersion = 10.1;
						TestTargetID = 0984BDD022000D1900D80F23;
					};
					0984BDF222000D1A00D80F23 = {
						CreatedOnToolsVersion = 10.1;
						TestTargetID = 0984BDD022000D1900D80F23;
					};
				};
			};
			buildConfigurationList = 0984BDCC22000D1900D80F23 /* Build configuration list for PBXProject "NextAiwujin" */;
			compatibilityVersion = "Xcode 9.3";
			developmentRegion = en;
			hasScannedForEncodings = 0;
			knownRegions = (
				en,
				Base,
			);
			mainGroup = 0984BDC822000D1900D80F23;
			productRefGroup = 0984BDD222000D1900D80F23 /* Products */;
			projectDirPath = "";
			projectRoot = "";
			targets = (
				0984BDD022000D1900D80F23 /* NextAiwujin */,
				0984BDE722000D1A00D80F23 /* NextAiwujinTests */,
				0984BDF222000D1A00D80F23 /* NextAiwujinUITests */,
			);
		};
/* End PBXProject section */

/* Begin PBXResourcesBuildPhase section */
		0984BDCF22000D1900D80F23 /* Resources */ = {
			isa = PBXResourcesBuildPhase;
			buildActionMask = 2147483647;
			files = (
				0984BDE222000D1A00D80F23 /* LaunchScreen.storyboard in Resources */,
				09008129222FB0C400C0667A /* HotCell.xib in Resources */,
				09D543BD2201909600307713 /* MyCenter.storyboard in Resources */,
				090900D9222E5ACF003D2F3D /* RecommendCell.xib in Resources */,
				09D5443D2214015A00307713 /* BigPicCell.xib in Resources */,
				09D543BB2201909600307713 /* News.storyboard in Resources */,
				09D543BA2201909600307713 /* Forum.storyboard in Resources */,
				09D5444B221655AE00307713 /* ThreePicsCell.xib in Resources */,
				0984BDDF22000D1A00D80F23 /* Assets.xcassets in Resources */,
				090900D2222CC07B003D2F3D /* CategoryCell.xib in Resources */,
				0984BDDA22000D1900D80F23 /* Main.storyboard in Resources */,
				09D543B92201909600307713 /* RadioStation.storyboard in Resources */,
				09D544412214017900307713 /* SmallPicCell.xib in Resources */,
				09D543BC2201909600307713 /* PicSay.storyboard in Resources */,
			);
			runOnlyForDeploymentPostprocessing = 0;
		};
		0984BDE622000D1A00D80F23 /* Resources */ = {
			isa = PBXResourcesBuildPhase;
			buildActionMask = 2147483647;
			files = (
			);
			runOnlyForDeploymentPostprocessing = 0;
		};
		0984BDF122000D1A00D80F23 /* Resources */ = {
			isa = PBXResourcesBuildPhase;
			buildActionMask = 2147483647;
			files = (
			);
			runOnlyForDeploymentPostprocessing = 0;
		};
/* End PBXResourcesBuildPhase section */

/* Begin PBXShellScriptBuildPhase section */
		2D9B972120D7AA27DF71B375 /* [CP] Check Pods Manifest.lock */ = {
			isa = PBXShellScriptBuildPhase;
			buildActionMask = 2147483647;
			files = (
			);
			inputFileListPaths = (
			);
			inputPaths = (
				"${PODS_PODFILE_DIR_PATH}/Podfile.lock",
				"${PODS_ROOT}/Manifest.lock",
			);
			name = "[CP] Check Pods Manifest.lock";
			outputFileListPaths = (
			);
			outputPaths = (
				"$(DERIVED_FILE_DIR)/Pods-NextAiwujinTests-checkManifestLockResult.txt",
			);
			runOnlyForDeploymentPostprocessing = 0;
			shellPath = /bin/sh;
			shellScript = "diff \"${PODS_PODFILE_DIR_PATH}/Podfile.lock\" \"${PODS_ROOT}/Manifest.lock\" > /dev/null\nif [ $? != 0 ] ; then\n    # print error to STDERR\n    echo \"error: The sandbox is not in sync with the Podfile.lock. Run 'pod install' or update your CocoaPods installation.\" >&2\n    exit 1\nfi\n# This output is used by Xcode 'outputs' to avoid re-running this script phase.\necho \"SUCCESS\" > \"${SCRIPT_OUTPUT_FILE_0}\"\n";
			showEnvVarsInLog = 0;
		};
		4B1CA9ED4C1023807E56A2A2 /* [CP] Check Pods Manifest.lock */ = {
			isa = PBXShellScriptBuildPhase;
			buildActionMask = 2147483647;
			files = (
			);
			inputFileListPaths = (
			);
			inputPaths = (
				"${PODS_PODFILE_DIR_PATH}/Podfile.lock",
				"${PODS_ROOT}/Manifest.lock",
			);
			name = "[CP] Check Pods Manifest.lock";
			outputFileListPaths = (
			);
			outputPaths = (
				"$(DERIVED_FILE_DIR)/Pods-NextAiwujinUITests-checkManifestLockResult.txt",
			);
			runOnlyForDeploymentPostprocessing = 0;
			shellPath = /bin/sh;
			shellScript = "diff \"${PODS_PODFILE_DIR_PATH}/Podfile.lock\" \"${PODS_ROOT}/Manifest.lock\" > /dev/null\nif [ $? != 0 ] ; then\n    # print error to STDERR\n    echo \"error: The sandbox is not in sync with the Podfile.lock. Run 'pod install' or update your CocoaPods installation.\" >&2\n    exit 1\nfi\n# This output is used by Xcode 'outputs' to avoid re-running this script phase.\necho \"SUCCESS\" > \"${SCRIPT_OUTPUT_FILE_0}\"\n";
			showEnvVarsInLog = 0;
		};
		5666A3C63CAFF4421D0208C8 /* [CP] Check Pods Manifest.lock */ = {
			isa = PBXShellScriptBuildPhase;
			buildActionMask = 2147483647;
			files = (
			);
			inputFileListPaths = (
			);
			inputPaths = (
				"${PODS_PODFILE_DIR_PATH}/Podfile.lock",
				"${PODS_ROOT}/Manifest.lock",
			);
			name = "[CP] Check Pods Manifest.lock";
			outputFileListPaths = (
			);
			outputPaths = (
				"$(DERIVED_FILE_DIR)/Pods-NextAiwujin-checkManifestLockResult.txt",
			);
			runOnlyForDeploymentPostprocessing = 0;
			shellPath = /bin/sh;
			shellScript = "diff \"${PODS_PODFILE_DIR_PATH}/Podfile.lock\" \"${PODS_ROOT}/Manifest.lock\" > /dev/null\nif [ $? != 0 ] ; then\n    # print error to STDERR\n    echo \"error: The sandbox is not in sync with the Podfile.lock. Run 'pod install' or update your CocoaPods installation.\" >&2\n    exit 1\nfi\n# This output is used by Xcode 'outputs' to avoid re-running this script phase.\necho \"SUCCESS\" > \"${SCRIPT_OUTPUT_FILE_0}\"\n";
			showEnvVarsInLog = 0;
		};
		A83ED7A09A347FE1D57547B8 /* [CP] Embed Pods Frameworks */ = {
			isa = PBXShellScriptBuildPhase;
			buildActionMask = 2147483647;
			files = (
			);
			inputFileListPaths = (
			);
			inputPaths = (
				"${PODS_ROOT}/Target Support Files/Pods-NextAiwujin/Pods-NextAiwujin-frameworks.sh",
				"${BUILT_PRODUCTS_DIR}/Alamofire/Alamofire.framework",
				"${BUILT_PRODUCTS_DIR}/AlamofireObjectMapper/AlamofireObjectMapper.framework",
				"${BUILT_PRODUCTS_DIR}/AutoInsetter/AutoInsetter.framework",
				"${BUILT_PRODUCTS_DIR}/ESTabBarController-swift/ESTabBarController_swift.framework",
				"${BUILT_PRODUCTS_DIR}/FSPagerView/FSPagerView.framework",
				"${BUILT_PRODUCTS_DIR}/FontAwesome.swift/FontAwesome_swift.framework",
				"${BUILT_PRODUCTS_DIR}/IQKeyboardManagerSwift/IQKeyboardManagerSwift.framework",
				"${BUILT_PRODUCTS_DIR}/Kingfisher/Kingfisher.framework",
				"${BUILT_PRODUCTS_DIR}/ObjectMapper/ObjectMapper.framework",
				"${BUILT_PRODUCTS_DIR}/Pageboy/Pageboy.framework",
				"${BUILT_PRODUCTS_DIR}/PullToRefreshKit/PullToRefreshKit.framework",
				"${BUILT_PRODUCTS_DIR}/SwifterSwift/SwifterSwift.framework",
				"${BUILT_PRODUCTS_DIR}/SwiftyJSON/SwiftyJSON.framework",
				"${BUILT_PRODUCTS_DIR}/Tabman/Tabman.framework",
				"${BUILT_PRODUCTS_DIR}/Toast-Swift/Toast_Swift.framework",
				"${BUILT_PRODUCTS_DIR}/XLPagerTabStrip/XLPagerTabStrip.framework",
			);
			name = "[CP] Embed Pods Frameworks";
			outputFileListPaths = (
			);
			outputPaths = (
				"${TARGET_BUILD_DIR}/${FRAMEWORKS_FOLDER_PATH}/Alamofire.framework",
				"${TARGET_BUILD_DIR}/${FRAMEWORKS_FOLDER_PATH}/AlamofireObjectMapper.framework",
				"${TARGET_BUILD_DIR}/${FRAMEWORKS_FOLDER_PATH}/AutoInsetter.framework",
				"${TARGET_BUILD_DIR}/${FRAMEWORKS_FOLDER_PATH}/ESTabBarController_swift.framework",
				"${TARGET_BUILD_DIR}/${FRAMEWORKS_FOLDER_PATH}/FSPagerView.framework",
				"${TARGET_BUILD_DIR}/${FRAMEWORKS_FOLDER_PATH}/FontAwesome_swift.framework",
				"${TARGET_BUILD_DIR}/${FRAMEWORKS_FOLDER_PATH}/IQKeyboardManagerSwift.framework",
				"${TARGET_BUILD_DIR}/${FRAMEWORKS_FOLDER_PATH}/Kingfisher.framework",
				"${TARGET_BUILD_DIR}/${FRAMEWORKS_FOLDER_PATH}/ObjectMapper.framework",
				"${TARGET_BUILD_DIR}/${FRAMEWORKS_FOLDER_PATH}/Pageboy.framework",
				"${TARGET_BUILD_DIR}/${FRAMEWORKS_FOLDER_PATH}/PullToRefreshKit.framework",
				"${TARGET_BUILD_DIR}/${FRAMEWORKS_FOLDER_PATH}/SwifterSwift.framework",
				"${TARGET_BUILD_DIR}/${FRAMEWORKS_FOLDER_PATH}/SwiftyJSON.framework",
				"${TARGET_BUILD_DIR}/${FRAMEWORKS_FOLDER_PATH}/Tabman.framework",
				"${TARGET_BUILD_DIR}/${FRAMEWORKS_FOLDER_PATH}/Toast_Swift.framework",
				"${TARGET_BUILD_DIR}/${FRAMEWORKS_FOLDER_PATH}/XLPagerTabStrip.framework",
			);
			runOnlyForDeploymentPostprocessing = 0;
			shellPath = /bin/sh;
			shellScript = "\"${PODS_ROOT}/Target Support Files/Pods-NextAiwujin/Pods-NextAiwujin-frameworks.sh\"\n";
			showEnvVarsInLog = 0;
		};
/* End PBXShellScriptBuildPhase section */

/* Begin PBXSourcesBuildPhase section */
		0984BDCD22000D1900D80F23 /* Sources */ = {
			isa = PBXSourcesBuildPhase;
			buildActionMask = 2147483647;
			files = (
				09D5445A221A649400307713 /* ExampleIrregularityContentView.swift in Sources */,
				09A4C5892201841D002740C3 /* MainViewController.swift in Sources */,
				09D543BF2201D8DA00307713 /* BaseViewController.swift in Sources */,
				09D543D52203E93400307713 /* NetworkTool.swift in Sources */,
				090081372230EA6F00C0667A /* HomeData.swift in Sources */,
				09D543C52203D8B200307713 /* PicSayViewController.swift in Sources */,
				09D543C92203D8D700307713 /* RadioStationViewController.swift in Sources */,
				09D54459221A649400307713 /* ExampleTipsContentView.swift in Sources */,
				09D543F322116E2D00307713 /* ZZWWaveView.swift in Sources */,
				090900D8222E5ACF003D2F3D /* RecommendCell.swift in Sources */,
				090081312230E7FA00C0667A /* ChannelInfo.swift in Sources */,
				0984BDDD22000D1900D80F23 /* NextAiwujin.xcdatamodeld in Sources */,
				09D54456221A649400307713 /* ExampleAnimateTipsContentView.swift in Sources */,
				09D543C72203D8C100307713 /* ForumViewController.swift in Sources */,
				09D543C32203D89700307713 /* NewsViewController.swift in Sources */,
				09D54454221A649400307713 /* ExampleBackgroundContentView.swift in Sources */,
				090900D4222CC86A003D2F3D /* HorizontallyPageableFlowLayout.swift in Sources */,
				09D54458221A649400307713 /* ExampleHighlightableContentView.swift in Sources */,
				09D5443C2214015A00307713 /* BigPicCell.swift in Sources */,
				09D544392213F4B100307713 /* NewsCustomLayout.swift in Sources */,
				0900812F2230E76700C0667A /* BaseModel.swift in Sources */,
				09D544352213AE9A00307713 /* ChildViewController.swift in Sources */,
				09D543CB2203D8E400307713 /* MyCenterViewController.swift in Sources */,
				09D543D72204301700307713 /* UIBarButtonItem-extension.swift in Sources */,
				09D543C12201DB5900307713 /* MyNavigationController.swift in Sources */,
				090081332230E84500C0667A /* RecommendInfo.swift in Sources */,
				090081352230E9C000C0667A /* HotInfo.swift in Sources */,
				09D543D32203E6B800307713 /* UIDevice-extension.swift in Sources */,
				09D544402214017900307713 /* SmallPicCell.swift in Sources */,
				0952A7B5223235C30061BBFA /* SearchViewController.swift in Sources */,
				0900812B2230E6DE00C0667A /* ShopViewModel.swift in Sources */,
				09008128222FB0C400C0667A /* HotCell.swift in Sources */,
				09D544442214018C00307713 /* ThreePicsCell.swift in Sources */,
				09D54455221A649400307713 /* ExampleBouncesContentView.swift in Sources */,
				09D543D02203E67400307713 /* YTools.swift in Sources */,
				09D543CE2203E5B600307713 /* Commons.swift in Sources */,
				0984BDD522000D1900D80F23 /* AppDelegate.swift in Sources */,
				09D54457221A649400307713 /* ExampleBasicContentView.swift in Sources */,
				0900812D2230E73700C0667A /* BannerInfo.swift in Sources */,
				09D544372213AF6800307713 /* TodayRecommendViewController.swift in Sources */,
				090900D1222CC07B003D2F3D /* CategoryCell.swift in Sources */,
			);
			runOnlyForDeploymentPostprocessing = 0;
		};
		0984BDE422000D1A00D80F23 /* Sources */ = {
			isa = PBXSourcesBuildPhase;
			buildActionMask = 2147483647;
			files = (
				0984BDED22000D1A00D80F23 /* NextAiwujinTests.swift in Sources */,
			);
			runOnlyForDeploymentPostprocessing = 0;
		};
		0984BDEF22000D1A00D80F23 /* Sources */ = {
			isa = PBXSourcesBuildPhase;
			buildActionMask = 2147483647;
			files = (
				0984BDF822000D1A00D80F23 /* NextAiwujinUITests.swift in Sources */,
			);
			runOnlyForDeploymentPostprocessing = 0;
		};
/* End PBXSourcesBuildPhase section */

/* Begin PBXTargetDependency section */
		0984BDEA22000D1A00D80F23 /* PBXTargetDependency */ = {
			isa = PBXTargetDependency;
			target = 0984BDD022000D1900D80F23 /* NextAiwujin */;
			targetProxy = 0984BDE922000D1A00D80F23 /* PBXContainerItemProxy */;
		};
		0984BDF522000D1A00D80F23 /* PBXTargetDependency */ = {
			isa = PBXTargetDependency;
			target = 0984BDD022000D1900D80F23 /* NextAiwujin */;
			targetProxy = 0984BDF422000D1A00D80F23 /* PBXContainerItemProxy */;
		};
/* End PBXTargetDependency section */

/* Begin PBXVariantGroup section */
		0984BDD822000D1900D80F23 /* Main.storyboard */ = {
			isa = PBXVariantGroup;
			children = (
				0984BDD922000D1900D80F23 /* Base */,
			);
			name = Main.storyboard;
			sourceTree = "<group>";
		};
		0984BDE022000D1A00D80F23 /* LaunchScreen.storyboard */ = {
			isa = PBXVariantGroup;
			children = (
				0984BDE122000D1A00D80F23 /* Base */,
			);
			name = LaunchScreen.storyboard;
			sourceTree = "<group>";
		};
		09D543AF2201909500307713 /* RadioStation.storyboard */ = {
			isa = PBXVariantGroup;
			children = (
				09D543B02201909500307713 /* Base */,
			);
			name = RadioStation.storyboard;
			sourceTree = "<group>";
		};
		09D543B12201909600307713 /* Forum.storyboard */ = {
			isa = PBXVariantGroup;
			children = (
				09D543B22201909600307713 /* Base */,
			);
			name = Forum.storyboard;
			sourceTree = "<group>";
		};
		09D543B32201909600307713 /* News.storyboard */ = {
			isa = PBXVariantGroup;
			children = (
				09D543B42201909600307713 /* Base */,
			);
			name = News.storyboard;
			sourceTree = "<group>";
		};
		09D543B52201909600307713 /* PicSay.storyboard */ = {
			isa = PBXVariantGroup;
			children = (
				09D543B62201909600307713 /* Base */,
			);
			name = PicSay.storyboard;
			sourceTree = "<group>";
		};
		09D543B72201909600307713 /* MyCenter.storyboard */ = {
			isa = PBXVariantGroup;
			children = (
				09D543B82201909600307713 /* Base */,
			);
			name = MyCenter.storyboard;
			sourceTree = "<group>";
		};
/* End PBXVariantGroup section */

/* Begin XCBuildConfiguration section */
		0984BDFA22000D1A00D80F23 /* Debug */ = {
			isa = XCBuildConfiguration;
			buildSettings = {
				ALWAYS_SEARCH_USER_PATHS = NO;
				CLANG_ANALYZER_NONNULL = YES;
				CLANG_ANALYZER_NUMBER_OBJECT_CONVERSION = YES_AGGRESSIVE;
				CLANG_CXX_LANGUAGE_STANDARD = "gnu++14";
				CLANG_CXX_LIBRARY = "libc++";
				CLANG_ENABLE_MODULES = YES;
				CLANG_ENABLE_OBJC_ARC = YES;
				CLANG_ENABLE_OBJC_WEAK = YES;
				CLANG_WARN_BLOCK_CAPTURE_AUTORELEASING = YES;
				CLANG_WARN_BOOL_CONVERSION = YES;
				CLANG_WARN_COMMA = YES;
				CLANG_WARN_CONSTANT_CONVERSION = YES;
				CLANG_WARN_DEPRECATED_OBJC_IMPLEMENTATIONS = YES;
				CLANG_WARN_DIRECT_OBJC_ISA_USAGE = YES_ERROR;
				CLANG_WARN_DOCUMENTATION_COMMENTS = YES;
				CLANG_WARN_EMPTY_BODY = YES;
				CLANG_WARN_ENUM_CONVERSION = YES;
				CLANG_WARN_INFINITE_RECURSION = YES;
				CLANG_WARN_INT_CONVERSION = YES;
				CLANG_WARN_NON_LITERAL_NULL_CONVERSION = YES;
				CLANG_WARN_OBJC_IMPLICIT_RETAIN_SELF = YES;
				CLANG_WARN_OBJC_LITERAL_CONVERSION = YES;
				CLANG_WARN_OBJC_ROOT_CLASS = YES_ERROR;
				CLANG_WARN_RANGE_LOOP_ANALYSIS = YES;
				CLANG_WARN_STRICT_PROTOTYPES = YES;
				CLANG_WARN_SUSPICIOUS_MOVE = YES;
				CLANG_WARN_UNGUARDED_AVAILABILITY = YES_AGGRESSIVE;
				CLANG_WARN_UNREACHABLE_CODE = YES;
				CLANG_WARN__DUPLICATE_METHOD_MATCH = YES;
				CODE_SIGN_IDENTITY = "iPhone Developer";
				COPY_PHASE_STRIP = NO;
				DEBUG_INFORMATION_FORMAT = dwarf;
				ENABLE_STRICT_OBJC_MSGSEND = YES;
				ENABLE_TESTABILITY = YES;
				GCC_C_LANGUAGE_STANDARD = gnu11;
				GCC_DYNAMIC_NO_PIC = NO;
				GCC_NO_COMMON_BLOCKS = YES;
				GCC_OPTIMIZATION_LEVEL = 0;
				GCC_PREPROCESSOR_DEFINITIONS = (
					"DEBUG=1",
					"$(inherited)",
				);
				GCC_WARN_64_TO_32_BIT_CONVERSION = YES;
				GCC_WARN_ABOUT_RETURN_TYPE = YES_ERROR;
				GCC_WARN_UNDECLARED_SELECTOR = YES;
				GCC_WARN_UNINITIALIZED_AUTOS = YES_AGGRESSIVE;
				GCC_WARN_UNUSED_FUNCTION = YES;
				GCC_WARN_UNUSED_VARIABLE = YES;
				IPHONEOS_DEPLOYMENT_TARGET = 12.1;
				MTL_ENABLE_DEBUG_INFO = INCLUDE_SOURCE;
				MTL_FAST_MATH = YES;
				ONLY_ACTIVE_ARCH = YES;
				SDKROOT = iphoneos;
				SWIFT_ACTIVE_COMPILATION_CONDITIONS = DEBUG;
				SWIFT_OPTIMIZATION_LEVEL = "-Onone";
			};
			name = Debug;
		};
		0984BDFB22000D1A00D80F23 /* Release */ = {
			isa = XCBuildConfiguration;
			buildSettings = {
				ALWAYS_SEARCH_USER_PATHS = NO;
				CLANG_ANALYZER_NONNULL = YES;
				CLANG_ANALYZER_NUMBER_OBJECT_CONVERSION = YES_AGGRESSIVE;
				CLANG_CXX_LANGUAGE_STANDARD = "gnu++14";
				CLANG_CXX_LIBRARY = "libc++";
				CLANG_ENABLE_MODULES = YES;
				CLANG_ENABLE_OBJC_ARC = YES;
				CLANG_ENABLE_OBJC_WEAK = YES;
				CLANG_WARN_BLOCK_CAPTURE_AUTORELEASING = YES;
				CLANG_WARN_BOOL_CONVERSION = YES;
				CLANG_WARN_COMMA = YES;
				CLANG_WARN_CONSTANT_CONVERSION = YES;
				CLANG_WARN_DEPRECATED_OBJC_IMPLEMENTATIONS = YES;
				CLANG_WARN_DIRECT_OBJC_ISA_USAGE = YES_ERROR;
				CLANG_WARN_DOCUMENTATION_COMMENTS = YES;
				CLANG_WARN_EMPTY_BODY = YES;
				CLANG_WARN_ENUM_CONVERSION = YES;
				CLANG_WARN_INFINITE_RECURSION = YES;
				CLANG_WARN_INT_CONVERSION = YES;
				CLANG_WARN_NON_LITERAL_NULL_CONVERSION = YES;
				CLANG_WARN_OBJC_IMPLICIT_RETAIN_SELF = YES;
				CLANG_WARN_OBJC_LITERAL_CONVERSION = YES;
				CLANG_WARN_OBJC_ROOT_CLASS = YES_ERROR;
				CLANG_WARN_RANGE_LOOP_ANALYSIS = YES;
				CLANG_WARN_STRICT_PROTOTYPES = YES;
				CLANG_WARN_SUSPICIOUS_MOVE = YES;
				CLANG_WARN_UNGUARDED_AVAILABILITY = YES_AGGRESSIVE;
				CLANG_WARN_UNREACHABLE_CODE = YES;
				CLANG_WARN__DUPLICATE_METHOD_MATCH = YES;
				CODE_SIGN_IDENTITY = "iPhone Developer";
				COPY_PHASE_STRIP = NO;
				DEBUG_INFORMATION_FORMAT = "dwarf-with-dsym";
				ENABLE_NS_ASSERTIONS = NO;
				ENABLE_STRICT_OBJC_MSGSEND = YES;
				GCC_C_LANGUAGE_STANDARD = gnu11;
				GCC_NO_COMMON_BLOCKS = YES;
				GCC_WARN_64_TO_32_BIT_CONVERSION = YES;
				GCC_WARN_ABOUT_RETURN_TYPE = YES_ERROR;
				GCC_WARN_UNDECLARED_SELECTOR = YES;
				GCC_WARN_UNINITIALIZED_AUTOS = YES_AGGRESSIVE;
				GCC_WARN_UNUSED_FUNCTION = YES;
				GCC_WARN_UNUSED_VARIABLE = YES;
				IPHONEOS_DEPLOYMENT_TARGET = 12.1;
				MTL_ENABLE_DEBUG_INFO = NO;
				MTL_FAST_MATH = YES;
				SDKROOT = iphoneos;
				SWIFT_COMPILATION_MODE = wholemodule;
				SWIFT_OPTIMIZATION_LEVEL = "-O";
				VALIDATE_PRODUCT = YES;
			};
			name = Release;
		};
		0984BDFD22000D1A00D80F23 /* Debug */ = {
			isa = XCBuildConfiguration;
			baseConfigurationReference = 3A9F8D01B6DD2D4379260CEB /* Pods-NextAiwujin.debug.xcconfig */;
			buildSettings = {
				ASSETCATALOG_COMPILER_APPICON_NAME = AppIcon;
				ASSETCATALOG_COMPILER_LAUNCHIMAGE_NAME = LaunchImage;
				CODE_SIGN_STYLE = Automatic;
				DEVELOPMENT_TEAM = M5KK8AVZVV;
				INFOPLIST_FILE = NextAiwujin/Info.plist;
				IPHONEOS_DEPLOYMENT_TARGET = 11.0;
				LD_RUNPATH_SEARCH_PATHS = (
					"$(inherited)",
					"@executable_path/Frameworks",
				);
				PRODUCT_BUNDLE_IDENTIFIER = com.wjyh.Xib.NextAiwujin;
				PRODUCT_NAME = "$(TARGET_NAME)";
				SWIFT_VERSION = 4.2;
				TARGETED_DEVICE_FAMILY = 1;
			};
			name = Debug;
		};
		0984BDFE22000D1A00D80F23 /* Release */ = {
			isa = XCBuildConfiguration;
			baseConfigurationReference = 772AB9476F666304694BB9BB /* Pods-NextAiwujin.release.xcconfig */;
			buildSettings = {
				ASSETCATALOG_COMPILER_APPICON_NAME = AppIcon;
				ASSETCATALOG_COMPILER_LAUNCHIMAGE_NAME = LaunchImage;
				CODE_SIGN_STYLE = Automatic;
				DEVELOPMENT_TEAM = M5KK8AVZVV;
				INFOPLIST_FILE = NextAiwujin/Info.plist;
				IPHONEOS_DEPLOYMENT_TARGET = 11.0;
				LD_RUNPATH_SEARCH_PATHS = (
					"$(inherited)",
					"@executable_path/Frameworks",
				);
				PRODUCT_BUNDLE_IDENTIFIER = com.wjyh.Xib.NextAiwujin;
				PRODUCT_NAME = "$(TARGET_NAME)";
				SWIFT_VERSION = 4.2;
				TARGETED_DEVICE_FAMILY = 1;
			};
			name = Release;
		};
		0984BE0022000D1A00D80F23 /* Debug */ = {
			isa = XCBuildConfiguration;
			baseConfigurationReference = BA49819409403167431C2E15 /* Pods-NextAiwujinTests.debug.xcconfig */;
			buildSettings = {
				ALWAYS_EMBED_SWIFT_STANDARD_LIBRARIES = YES;
				BUNDLE_LOADER = "$(TEST_HOST)";
				CODE_SIGN_STYLE = Automatic;
				DEVELOPMENT_TEAM = M5KK8AVZVV;
				INFOPLIST_FILE = NextAiwujinTests/Info.plist;
				LD_RUNPATH_SEARCH_PATHS = (
					"$(inherited)",
					"@executable_path/Frameworks",
					"@loader_path/Frameworks",
				);
				PRODUCT_BUNDLE_IDENTIFIER = com.wjyh.Xib.NextAiwujinTests;
				PRODUCT_NAME = "$(TARGET_NAME)";
				SWIFT_VERSION = 4.2;
				TARGETED_DEVICE_FAMILY = "1,2";
				TEST_HOST = "$(BUILT_PRODUCTS_DIR)/NextAiwujin.app/NextAiwujin";
			};
			name = Debug;
		};
		0984BE0122000D1A00D80F23 /* Release */ = {
			isa = XCBuildConfiguration;
			baseConfigurationReference = 0C2843EBB4270A91F1D33ED6 /* Pods-NextAiwujinTests.release.xcconfig */;
			buildSettings = {
				ALWAYS_EMBED_SWIFT_STANDARD_LIBRARIES = YES;
				BUNDLE_LOADER = "$(TEST_HOST)";
				CODE_SIGN_STYLE = Automatic;
				DEVELOPMENT_TEAM = M5KK8AVZVV;
				INFOPLIST_FILE = NextAiwujinTests/Info.plist;
				LD_RUNPATH_SEARCH_PATHS = (
					"$(inherited)",
					"@executable_path/Frameworks",
					"@loader_path/Frameworks",
				);
				PRODUCT_BUNDLE_IDENTIFIER = com.wjyh.Xib.NextAiwujinTests;
				PRODUCT_NAME = "$(TARGET_NAME)";
				SWIFT_VERSION = 4.2;
				TARGETED_DEVICE_FAMILY = "1,2";
				TEST_HOST = "$(BUILT_PRODUCTS_DIR)/NextAiwujin.app/NextAiwujin";
			};
			name = Release;
		};
		0984BE0322000D1A00D80F23 /* Debug */ = {
			isa = XCBuildConfiguration;
			baseConfigurationReference = C12B2B93EEE2F50F9486D52E /* Pods-NextAiwujinUITests.debug.xcconfig */;
			buildSettings = {
				ALWAYS_EMBED_SWIFT_STANDARD_LIBRARIES = YES;
				CODE_SIGN_STYLE = Automatic;
				DEVELOPMENT_TEAM = M5KK8AVZVV;
				INFOPLIST_FILE = NextAiwujinUITests/Info.plist;
				LD_RUNPATH_SEARCH_PATHS = (
					"$(inherited)",
					"@executable_path/Frameworks",
					"@loader_path/Frameworks",
				);
				PRODUCT_BUNDLE_IDENTIFIER = com.wjyh.Xib.NextAiwujinUITests;
				PRODUCT_NAME = "$(TARGET_NAME)";
				SWIFT_VERSION = 4.2;
				TARGETED_DEVICE_FAMILY = "1,2";
				TEST_TARGET_NAME = NextAiwujin;
			};
			name = Debug;
		};
		0984BE0422000D1A00D80F23 /* Release */ = {
			isa = XCBuildConfiguration;
			baseConfigurationReference = FE0D32224553EC436B171C78 /* Pods-NextAiwujinUITests.release.xcconfig */;
			buildSettings = {
				ALWAYS_EMBED_SWIFT_STANDARD_LIBRARIES = YES;
				CODE_SIGN_STYLE = Automatic;
				DEVELOPMENT_TEAM = M5KK8AVZVV;
				INFOPLIST_FILE = NextAiwujinUITests/Info.plist;
				LD_RUNPATH_SEARCH_PATHS = (
					"$(inherited)",
					"@executable_path/Frameworks",
					"@loader_path/Frameworks",
				);
				PRODUCT_BUNDLE_IDENTIFIER = com.wjyh.Xib.NextAiwujinUITests;
				PRODUCT_NAME = "$(TARGET_NAME)";
				SWIFT_VERSION = 4.2;
				TARGETED_DEVICE_FAMILY = "1,2";
				TEST_TARGET_NAME = NextAiwujin;
			};
			name = Release;
		};
/* End XCBuildConfiguration section */

/* Begin XCConfigurationList section */
		0984BDCC22000D1900D80F23 /* Build configuration list for PBXProject "NextAiwujin" */ = {
			isa = XCConfigurationList;
			buildConfigurations = (
				0984BDFA22000D1A00D80F23 /* Debug */,
				0984BDFB22000D1A00D80F23 /* Release */,
			);
			defaultConfigurationIsVisible = 0;
			defaultConfigurationName = Release;
		};
		0984BDFC22000D1A00D80F23 /* Build configuration list for PBXNativeTarget "NextAiwujin" */ = {
			isa = XCConfigurationList;
			buildConfigurations = (
				0984BDFD22000D1A00D80F23 /* Debug */,
				0984BDFE22000D1A00D80F23 /* Release */,
			);
			defaultConfigurationIsVisible = 0;
			defaultConfigurationName = Release;
		};
		0984BDFF22000D1A00D80F23 /* Build configuration list for PBXNativeTarget "NextAiwujinTests" */ = {
			isa = XCConfigurationList;
			buildConfigurations = (
				0984BE0022000D1A00D80F23 /* Debug */,
				0984BE0122000D1A00D80F23 /* Release */,
			);
			defaultConfigurationIsVisible = 0;
			defaultConfigurationName = Release;
		};
		0984BE0222000D1A00D80F23 /* Build configuration list for PBXNativeTarget "NextAiwujinUITests" */ = {
			isa = XCConfigurationList;
			buildConfigurations = (
				0984BE0322000D1A00D80F23 /* Debug */,
				0984BE0422000D1A00D80F23 /* Release */,
			);
			defaultConfigurationIsVisible = 0;
			defaultConfigurationName = Release;
		};
/* End XCConfigurationList section */

/* Begin XCVersionGroup section */
		0984BDDB22000D1900D80F23 /* NextAiwujin.xcdatamodeld */ = {
			isa = XCVersionGroup;
			children = (
				0984BDDC22000D1900D80F23 /* NextAiwujin.xcdatamodel */,
			);
			currentVersion = 0984BDDC22000D1900D80F23 /* NextAiwujin.xcdatamodel */;
			path = NextAiwujin.xcdatamodeld;
			sourceTree = "<group>";
			versionGroupType = wrapper.xcdatamodel;
		};
/* End XCVersionGroup section */
	};
	rootObject = 0984BDC922000D1900D80F23 /* Project object */;
}
